
Microsoft Visual Studio Solution File, Format Version 12.00
# Visual Studio Version 16
VisualStudioVersion = 16.0.30907.101
MinimumVisualStudioVersion = 10.0.40219.1
Project("{FAE04EC0-301F-11D3-BF4B-00C04F79EFBC}") = "BudgetImpossibleManager", "BudgetImpossibleManager.csproj", "{863F1AB4-8F16-4E15-9E87-8E9237F6DEA0}"
EndProject
Global
	GlobalSection(SolutionConfigurationPlatforms) = preSolution
		Debug|Any CPU = Debug|Any CPU
		Release|Any CPU = Release|Any CPU
	EndGlobalSection
	GlobalSection(ProjectConfigurationPlatforms) = postSolution
		{863F1AB4-8F16-4E15-9E87-8E9237F6DEA0}.Debug|Any CPU.ActiveCfg = Debug|Any CPU
		{863F1AB4-8F16-4E15-9E87-8E9237F6DEA0}.Debug|Any CPU.Build.0 = Debug|Any CPU
		{863F1AB4-8F16-4E15-9E87-8E9237F6DEA0}.Release|Any CPU.ActiveCfg = Release|Any CPU
		{863F1AB4-8F16-4E15-9E87-8E9237F6DEA0}.Release|Any CPU.Build.0 = Release|Any CPU
	EndGlobalSection
	GlobalSection(SolutionProperties) = preSolution
		HideSolutionNode = FALSE
	EndGlobalSection
	GlobalSection(ExtensibilityGlobals) = postSolution
		SolutionGuid = {359719B8-82C2-4B4F-98DE-BB93C5F3B822}
	EndGlobalSection
EndGlobal
